
Microsoft Visual Studio Solution File, Format Version 12.00
# Visual Studio 15
VisualStudioVersion = 15.0.27703.2035
MinimumVisualStudioVersion = 10.0.40219.1
Project("{FAE04EC0-301F-11D3-BF4B-00C04F79EFBC}") = "Validator", "Validator\Validator.csproj", "{E0F72597-B366-48D0-A1E1-55AB40C178C0}"
EndProject
Project("{FAE04EC0-301F-11D3-BF4B-00C04F79EFBC}") = "Validator.Test", "Validator.Test\Validator.Test.csproj", "{C5ABFAD8-E888-4DAA-B78E-365178E3CA0E}"
EndProject
Project("{FAE04EC0-301F-11D3-BF4B-00C04F79EFBC}") = "FormApp", "FormApp\FormApp.csproj", "{9EF4E75B-C81C-459D-846F-7512019DCBCB}"
EndProject
Global
	GlobalSection(SolutionConfigurationPlatforms) = preSolution
		Debug|Any CPU = Debug|Any CPU
		Release|Any CPU = Release|Any CPU
	EndGlobalSection
	GlobalSection(ProjectConfigurationPlatforms) = postSolution
		{E0F72597-B366-48D0-A1E1-55AB40C178C0}.Debug|Any CPU.ActiveCfg = Debug|Any CPU
		{E0F72597-B366-48D0-A1E1-55AB40C178C0}.Debug|Any CPU.Build.0 = Debug|Any CPU
		{E0F72597-B366-48D0-A1E1-55AB40C178C0}.Release|Any CPU.ActiveCfg = Release|Any CPU
		{E0F72597-B366-48D0-A1E1-55AB40C178C0}.Release|Any CPU.Build.0 = Release|Any CPU
		{C5ABFAD8-E888-4DAA-B78E-365178E3CA0E}.Debug|Any CPU.ActiveCfg = Debug|Any CPU
		{C5ABFAD8-E888-4DAA-B78E-365178E3CA0E}.Debug|Any CPU.Build.0 = Debug|Any CPU
		{C5ABFAD8-E888-4DAA-B78E-365178E3CA0E}.Release|Any CPU.ActiveCfg = Release|Any CPU
		{C5ABFAD8-E888-4DAA-B78E-365178E3CA0E}.Release|Any CPU.Build.0 = Release|Any CPU
		{9EF4E75B-C81C-459D-846F-7512019DCBCB}.Debug|Any CPU.ActiveCfg = Debug|Any CPU
		{9EF4E75B-C81C-459D-846F-7512019DCBCB}.Debug|Any CPU.Build.0 = Debug|Any CPU
		{9EF4E75B-C81C-459D-846F-7512019DCBCB}.Release|Any CPU.ActiveCfg = Release|Any CPU
		{9EF4E75B-C81C-459D-846F-7512019DCBCB}.Release|Any CPU.Build.0 = Release|Any CPU
	EndGlobalSection
	GlobalSection(SolutionProperties) = preSolution
		HideSolutionNode = FALSE
	EndGlobalSection
	GlobalSection(ExtensibilityGlobals) = postSolution
		SolutionGuid = {50CF0BFB-6AE6-4F8A-9067-6D63A3C47DD5}
	EndGlobalSection
EndGlobal
